
Microsoft Visual Studio Solution File, Format Version 12.00
# Visual Studio Version 17
VisualStudioVersion = 17.9.34728.123
MinimumVisualStudioVersion = 10.0.40219.1
Project("{FAE04EC0-301F-11D3-BF4B-00C04F79EFBC}") = "MauiApp4_SKGLView", "MauiApp4_SKGLView.csproj", "{55FC590F-6004-46CA-9A82-6EAB44E1DC44}"
EndProject
Global
	GlobalSection(SolutionConfigurationPlatforms) = preSolution
		Debug|Any CPU = Debug|Any CPU
		Release|Any CPU = Release|Any CPU
	EndGlobalSection
	GlobalSection(ProjectConfigurationPlatforms) = postSolution
		{55FC590F-6004-46CA-9A82-6EAB44E1DC44}.Debug|Any CPU.ActiveCfg = Debug|Any CPU
		{55FC590F-6004-46CA-9A82-6EAB44E1DC44}.Debug|Any CPU.Build.0 = Debug|Any CPU
		{55FC590F-6004-46CA-9A82-6EAB44E1DC44}.Debug|Any CPU.Deploy.0 = Debug|Any CPU
		{55FC590F-6004-46CA-9A82-6EAB44E1DC44}.Release|Any CPU.ActiveCfg = Release|Any CPU
		{55FC590F-6004-46CA-9A82-6EAB44E1DC44}.Release|Any CPU.Build.0 = Release|Any CPU
		{55FC590F-6004-46CA-9A82-6EAB44E1DC44}.Release|Any CPU.Deploy.0 = Release|Any CPU
	EndGlobalSection
	GlobalSection(SolutionProperties) = preSolution
		HideSolutionNode = FALSE
	EndGlobalSection
	GlobalSection(ExtensibilityGlobals) = postSolution
		SolutionGuid = {1A33E8E2-6E56-44EC-AFD0-C4BC2EF2A5F0}
	EndGlobalSection
EndGlobal
